{
    "_readme": [
        "This file locks the dependencies of your project to a known state",
        "Read more about it at https://getcomposer.org/doc/01-basic-usage.md#installing-dependencies",
        "This file is @generated automatically"
    ],
    "content-hash": "c2fa95d952f2eb560de2a1b0f95f0be7",
    "packages": [],
    "packages-dev": [
        {
            "name": "laravel-lang/lang",
            "version": "10.8.0",
            "source": {
                "type": "git",
                "url": "https://github.com/Laravel-Lang/lang.git",
                "reference": "52513adc99eec1da1c64c5412c8f8ba5b48ff31a"
            },
            "dist": {
                "type": "zip",
                "url": "https://api.github.com/repos/Laravel-Lang/lang/zipball/52513adc99eec1da1c64c5412c8f8ba5b48ff31a",
                "reference": "52513adc99eec1da1c64c5412c8f8ba5b48ff31a",
                "shasum": ""
            },
            "require": {
                "ext-json": "*"
            },
            "conflict": {
                "laravel-lang/publisher": "<12.0"
            },
            "require-dev": {
                "dragon-code/pretty-array": "^4.0",
                "dragon-code/simple-dto": "^2.3",
                "dragon-code/support": "^6.1",
                "ext-zip": "*",
                "guzzlehttp/guzzle": "^7.3",
                "laravel-lang/publisher": "^13.0",
                "laravel/breeze": "^1.2",
                "laravel/fortify": "^1.7",
                "laravel/jetstream": "^2.3",
                "laravel/ui": "^3.4",
                "orchestra/testbench": "^7.0",
                "php": "^8.1",
                "phpunit/phpunit": "^9.5",
                "symfony/finder": "^6.0",
                "symfony/var-dumper": "^6.0",
                "vlucas/phpdotenv": "^5.4.1"
            },
            "suggest": {
                "arcanedev/laravel-lang": "Translations manager and checker for Laravel 5",
                "laravel-lang/publisher": "Easy installation and update of translation files for your project",
                "overtrue/laravel-lang": "Command to add languages in your project"
            },
            "type": "library",
            "autoload": {
                "psr-4": {
                    "LaravelLang\\Lang\\": "src"
                }
            },
            "notification-url": "https://packagist.org/downloads/",
            "license": [
                "MIT"
            ],
            "authors": [
                {
                    "name": "Laravel-Lang Team",
                    "homepage": "https://github.com/Laravel-Lang"
                }
            ],
            "description": "Languages for Laravel",
            "keywords": [
                "lang",
                "languages",
                "laravel",
                "lpm"
            ],
            "support": {
                "issues": "https://github.com/Laravel-Lang/lang/issues",
                "source": "https://github.com/Laravel-Lang/lang"
            },
            "funding": [
                {
                    "url": "https://opencollective.com/laravel-lang",
                    "type": "open_collective"
                }
            ],
            "time": "2022-05-04T14:15:27+00:00"
        }
    ],
    "aliases": [],
    "minimum-stability": "stable",
    "stability-flags": [],
    "prefer-stable": false,
    "prefer-lowest": false,
    "platform": [],
    "platform-dev": [],
    "plugin-api-version": "2.2.0"
}
